
Microsoft Visual Studio Solution File, Format Version 12.00
# Visual Studio Version 17
VisualStudioVersion = 17.0.31903.59
MinimumVisualStudioVersion = 10.0.40219.1
Project("{2150E333-8FDC-42A3-9474-1A3956D46DE8}") = "src", "src", "{827E0CD3-B72D-47B6-A68D-7590B98EB39B}"
EndProject
Project("{2150E333-8FDC-42A3-9474-1A3956D46DE8}") = "Protocol", "Protocol", "{4B6046D9-EE1C-993B-5364-4280370DAEF0}"
EndProject
Project("{FAE04EC0-301F-11D3-BF4B-00C04F79EFBC}") = "DeskLink.Protocol", "src\Protocol\DeskLink.Protocol\DeskLink.Protocol.csproj", "{472237D6-DB51-4497-8B00-C1391C5E8421}"
EndProject
Project("{FAE04EC0-301F-11D3-BF4B-00C04F79EFBC}") = "Protocol.Tests", "tests\Protocol.Tests\Protocol.Tests.csproj", "{D2AF6D2B-A9AD-4BCD-9FA3-2434B99D6F0E}"
EndProject
Project("{2150E333-8FDC-42A3-9474-1A3956D46DE8}") = "Service", "Service", "{D40739C2-B365-88A5-00D6-6C74FD5CFB3F}"
EndProject
Project("{FAE04EC0-301F-11D3-BF4B-00C04F79EFBC}") = "DeskLink.Service", "src\Service\DeskLink.Service\DeskLink.Service.csproj", "{8C2938F4-FF92-41BC-B672-93031E60BB23}"
EndProject
Project("{FAE04EC0-301F-11D3-BF4B-00C04F79EFBC}") = "DeskLink.DesktopAgent", "src\Agent\DeskLink.DesktopAgent\DeskLink.DesktopAgent.csproj", "{C31806F7-2698-41B0-B5E9-E719D3D2FBF3}"
EndProject
Project("{FAE04EC0-301F-11D3-BF4B-00C04F79EFBC}") = "DeskLink.Client", "src\Client\DeskLink.Client\DeskLink.Client.csproj", "{2FDC7A7C-FF3C-470C-8008-1D5679BA1F64}"
EndProject
Project("{FAE04EC0-301F-11D3-BF4B-00C04F79EFBC}") = "DirectHandshake.Tests", "tests\DirectHandshake.Tests\DirectHandshake.Tests.csproj", "{F411920F-7326-4FFB-AA74-DD3805342BE5}"
EndProject
Project("{FAE04EC0-301F-11D3-BF4B-00C04F79EFBC}") = "Service.Tests", "tests\Service.Tests\Service.Tests.csproj", "{B0A1C7F3-7E2D-4F8B-9A35-3C42E1F5D908}"
EndProject
Project("{FAE04EC0-301F-11D3-BF4B-00C04F79EFBC}") = "Agent.Tests", "tests\Agent.Tests\Agent.Tests.csproj", "{6E4F1A2B-8C3D-4E5F-9A0B-1C2D3E4F5A6B}"
EndProject
Project("{2150E333-8FDC-42A3-9474-1A3956D46DE8}") = "tests", "tests", "{0AB3BF05-4346-4AA6-1389-037BE0695223}"
EndProject
Project("{FAE04EC0-301F-11D3-BF4B-00C04F79EFBC}") = "Client.Tests", "tests\Client.Tests\Client.Tests.csproj", "{0F52841F-5E0D-409F-AA2D-610A9DCCAFB7}"
EndProject
Global
	GlobalSection(SolutionConfigurationPlatforms) = preSolution
		Debug|Any CPU = Debug|Any CPU
		Debug|x64 = Debug|x64
		Debug|x86 = Debug|x86
		Release|Any CPU = Release|Any CPU
		Release|x64 = Release|x64
		Release|x86 = Release|x86
	EndGlobalSection
	GlobalSection(ProjectConfigurationPlatforms) = postSolution
		{472237D6-DB51-4497-8B00-C1391C5E8421}.Debug|Any CPU.ActiveCfg = Debug|Any CPU
		{472237D6-DB51-4497-8B00-C1391C5E8421}.Debug|Any CPU.Build.0 = Debug|Any CPU
		{472237D6-DB51-4497-8B00-C1391C5E8421}.Debug|x64.ActiveCfg = Debug|Any CPU
		{472237D6-DB51-4497-8B00-C1391C5E8421}.Debug|x64.Build.0 = Debug|Any CPU
		{472237D6-DB51-4497-8B00-C1391C5E8421}.Debug|x86.ActiveCfg = Debug|Any CPU
		{472237D6-DB51-4497-8B00-C1391C5E8421}.Debug|x86.Build.0 = Debug|Any CPU
		{472237D6-DB51-4497-8B00-C1391C5E8421}.Release|Any CPU.ActiveCfg = Release|Any CPU
		{472237D6-DB51-4497-8B00-C1391C5E8421}.Release|Any CPU.Build.0 = Release|Any CPU
		{472237D6-DB51-4497-8B00-C1391C5E8421}.Release|x64.ActiveCfg = Release|Any CPU
		{472237D6-DB51-4497-8B00-C1391C5E8421}.Release|x64.Build.0 = Release|Any CPU
		{472237D6-DB51-4497-8B00-C1391C5E8421}.Release|x86.ActiveCfg = Release|Any CPU
		{472237D6-DB51-4497-8B00-C1391C5E8421}.Release|x86.Build.0 = Release|Any CPU
		{D2AF6D2B-A9AD-4BCD-9FA3-2434B99D6F0E}.Debug|Any CPU.ActiveCfg = Debug|Any CPU
		{D2AF6D2B-A9AD-4BCD-9FA3-2434B99D6F0E}.Debug|Any CPU.Build.0 = Debug|Any CPU
		{D2AF6D2B-A9AD-4BCD-9FA3-2434B99D6F0E}.Debug|x64.ActiveCfg = Debug|Any CPU
		{D2AF6D2B-A9AD-4BCD-9FA3-2434B99D6F0E}.Debug|x64.Build.0 = Debug|Any CPU
		{D2AF6D2B-A9AD-4BCD-9FA3-2434B99D6F0E}.Debug|x86.ActiveCfg = Debug|Any CPU
		{D2AF6D2B-A9AD-4BCD-9FA3-2434B99D6F0E}.Debug|x86.Build.0 = Debug|Any CPU
		{D2AF6D2B-A9AD-4BCD-9FA3-2434B99D6F0E}.Release|Any CPU.ActiveCfg = Release|Any CPU
		{D2AF6D2B-A9AD-4BCD-9FA3-2434B99D6F0E}.Release|Any CPU.Build.0 = Release|Any CPU
		{D2AF6D2B-A9AD-4BCD-9FA3-2434B99D6F0E}.Release|x64.ActiveCfg = Release|Any CPU
		{D2AF6D2B-A9AD-4BCD-9FA3-2434B99D6F0E}.Release|x64.Build.0 = Release|Any CPU
		{D2AF6D2B-A9AD-4BCD-9FA3-2434B99D6F0E}.Release|x86.ActiveCfg = Release|Any CPU
		{D2AF6D2B-A9AD-4BCD-9FA3-2434B99D6F0E}.Release|x86.Build.0 = Release|Any CPU
		{8C2938F4-FF92-41BC-B672-93031E60BB23}.Debug|Any CPU.ActiveCfg = Debug|Any CPU
		{8C2938F4-FF92-41BC-B672-93031E60BB23}.Debug|Any CPU.Build.0 = Debug|Any CPU
		{8C2938F4-FF92-41BC-B672-93031E60BB23}.Debug|x64.ActiveCfg = Debug|Any CPU
		{8C2938F4-FF92-41BC-B672-93031E60BB23}.Debug|x64.Build.0 = Debug|Any CPU
		{8C2938F4-FF92-41BC-B672-93031E60BB23}.Debug|x86.ActiveCfg = Debug|Any CPU
		{8C2938F4-FF92-41BC-B672-93031E60BB23}.Debug|x86.Build.0 = Debug|Any CPU
		{8C2938F4-FF92-41BC-B672-93031E60BB23}.Release|Any CPU.ActiveCfg = Release|Any CPU
		{8C2938F4-FF92-41BC-B672-93031E60BB23}.Release|Any CPU.Build.0 = Release|Any CPU
		{8C2938F4-FF92-41BC-B672-93031E60BB23}.Release|x64.ActiveCfg = Release|Any CPU
		{8C2938F4-FF92-41BC-B672-93031E60BB23}.Release|x64.Build.0 = Release|Any CPU
		{8C2938F4-FF92-41BC-B672-93031E60BB23}.Release|x86.ActiveCfg = Release|Any CPU
		{8C2938F4-FF92-41BC-B672-93031E60BB23}.Release|x86.Build.0 = Release|Any CPU
		{C31806F7-2698-41B0-B5E9-E719D3D2FBF3}.Debug|Any CPU.ActiveCfg = Debug|Any CPU
		{C31806F7-2698-41B0-B5E9-E719D3D2FBF3}.Debug|Any CPU.Build.0 = Debug|Any CPU
		{C31806F7-2698-41B0-B5E9-E719D3D2FBF3}.Debug|x64.ActiveCfg = Debug|Any CPU
		{C31806F7-2698-41B0-B5E9-E719D3D2FBF3}.Debug|x64.Build.0 = Debug|Any CPU
		{C31806F7-2698-41B0-B5E9-E719D3D2FBF3}.Debug|x86.ActiveCfg = Debug|Any CPU
		{C31806F7-2698-41B0-B5E9-E719D3D2FBF3}.Debug|x86.Build.0 = Debug|Any CPU
		{C31806F7-2698-41B0-B5E9-E719D3D2FBF3}.Release|Any CPU.ActiveCfg = Release|Any CPU
		{C31806F7-2698-41B0-B5E9-E719D3D2FBF3}.Release|Any CPU.Build.0 = Release|Any CPU
		{C31806F7-2698-41B0-B5E9-E719D3D2FBF3}.Release|x64.ActiveCfg = Release|Any CPU
		{C31806F7-2698-41B0-B5E9-E719D3D2FBF3}.Release|x64.Build.0 = Release|Any CPU
		{C31806F7-2698-41B0-B5E9-E719D3D2FBF3}.Release|x86.ActiveCfg = Release|Any CPU
		{C31806F7-2698-41B0-B5E9-E719D3D2FBF3}.Release|x86.Build.0 = Release|Any CPU
		{2FDC7A7C-FF3C-470C-8008-1D5679BA1F64}.Debug|Any CPU.ActiveCfg = Debug|Any CPU
		{2FDC7A7C-FF3C-470C-8008-1D5679BA1F64}.Debug|Any CPU.Build.0 = Debug|Any CPU
		{2FDC7A7C-FF3C-470C-8008-1D5679BA1F64}.Debug|x64.ActiveCfg = Debug|Any CPU
		{2FDC7A7C-FF3C-470C-8008-1D5679BA1F64}.Debug|x64.Build.0 = Debug|Any CPU
		{2FDC7A7C-FF3C-470C-8008-1D5679BA1F64}.Debug|x86.ActiveCfg = Debug|Any CPU
		{2FDC7A7C-FF3C-470C-8008-1D5679BA1F64}.Debug|x86.Build.0 = Debug|Any CPU
		{2FDC7A7C-FF3C-470C-8008-1D5679BA1F64}.Release|Any CPU.ActiveCfg = Release|Any CPU
		{2FDC7A7C-FF3C-470C-8008-1D5679BA1F64}.Release|Any CPU.Build.0 = Release|Any CPU
		{2FDC7A7C-FF3C-470C-8008-1D5679BA1F64}.Release|x64.ActiveCfg = Release|Any CPU
		{2FDC7A7C-FF3C-470C-8008-1D5679BA1F64}.Release|x64.Build.0 = Release|Any CPU
		{2FDC7A7C-FF3C-470C-8008-1D5679BA1F64}.Release|x86.ActiveCfg = Release|Any CPU
		{2FDC7A7C-FF3C-470C-8008-1D5679BA1F64}.Release|x86.Build.0 = Release|Any CPU
		{F411920F-7326-4FFB-AA74-DD3805342BE5}.Debug|Any CPU.ActiveCfg = Debug|Any CPU
		{F411920F-7326-4FFB-AA74-DD3805342BE5}.Debug|Any CPU.Build.0 = Debug|Any CPU
		{F411920F-7326-4FFB-AA74-DD3805342BE5}.Debug|x64.ActiveCfg = Debug|Any CPU
		{F411920F-7326-4FFB-AA74-DD3805342BE5}.Debug|x64.Build.0 = Debug|Any CPU
		{F411920F-7326-4FFB-AA74-DD3805342BE5}.Debug|x86.ActiveCfg = Debug|Any CPU
		{F411920F-7326-4FFB-AA74-DD3805342BE5}.Debug|x86.Build.0 = Debug|Any CPU
		{F411920F-7326-4FFB-AA74-DD3805342BE5}.Release|Any CPU.ActiveCfg = Release|Any CPU
		{F411920F-7326-4FFB-AA74-DD3805342BE5}.Release|Any CPU.Build.0 = Release|Any CPU
		{F411920F-7326-4FFB-AA74-DD3805342BE5}.Release|x64.ActiveCfg = Release|Any CPU
		{F411920F-7326-4FFB-AA74-DD3805342BE5}.Release|x64.Build.0 = Release|Any CPU
		{F411920F-7326-4FFB-AA74-DD3805342BE5}.Release|x86.ActiveCfg = Release|Any CPU
		{F411920F-7326-4FFB-AA74-DD3805342BE5}.Release|x86.Build.0 = Release|Any CPU
		{B0A1C7F3-7E2D-4F8B-9A35-3C42E1F5D908}.Debug|Any CPU.ActiveCfg = Debug|Any CPU
		{B0A1C7F3-7E2D-4F8B-9A35-3C42E1F5D908}.Debug|Any CPU.Build.0 = Debug|Any CPU
		{B0A1C7F3-7E2D-4F8B-9A35-3C42E1F5D908}.Debug|x64.ActiveCfg = Debug|Any CPU
		{B0A1C7F3-7E2D-4F8B-9A35-3C42E1F5D908}.Debug|x64.Build.0 = Debug|Any CPU
		{B0A1C7F3-7E2D-4F8B-9A35-3C42E1F5D908}.Debug|x86.ActiveCfg = Debug|Any CPU
		{B0A1C7F3-7E2D-4F8B-9A35-3C42E1F5D908}.Debug|x86.Build.0 = Debug|Any CPU
		{B0A1C7F3-7E2D-4F8B-9A35-3C42E1F5D908}.Release|Any CPU.ActiveCfg = Release|Any CPU
		{B0A1C7F3-7E2D-4F8B-9A35-3C42E1F5D908}.Release|Any CPU.Build.0 = Release|Any CPU
		{B0A1C7F3-7E2D-4F8B-9A35-3C42E1F5D908}.Release|x64.ActiveCfg = Release|Any CPU
		{B0A1C7F3-7E2D-4F8B-9A35-3C42E1F5D908}.Release|x64.Build.0 = Release|Any CPU
		{B0A1C7F3-7E2D-4F8B-9A35-3C42E1F5D908}.Release|x86.ActiveCfg = Release|Any CPU
		{B0A1C7F3-7E2D-4F8B-9A35-3C42E1F5D908}.Release|x86.Build.0 = Release|Any CPU
		{6E4F1A2B-8C3D-4E5F-9A0B-1C2D3E4F5A6B}.Debug|Any CPU.ActiveCfg = Debug|Any CPU
		{6E4F1A2B-8C3D-4E5F-9A0B-1C2D3E4F5A6B}.Debug|Any CPU.Build.0 = Debug|Any CPU
		{6E4F1A2B-8C3D-4E5F-9A0B-1C2D3E4F5A6B}.Debug|x64.ActiveCfg = Debug|Any CPU
		{6E4F1A2B-8C3D-4E5F-9A0B-1C2D3E4F5A6B}.Debug|x64.Build.0 = Debug|Any CPU
		{6E4F1A2B-8C3D-4E5F-9A0B-1C2D3E4F5A6B}.Debug|x86.ActiveCfg = Debug|Any CPU
		{6E4F1A2B-8C3D-4E5F-9A0B-1C2D3E4F5A6B}.Debug|x86.Build.0 = Debug|Any CPU
		{6E4F1A2B-8C3D-4E5F-9A0B-1C2D3E4F5A6B}.Release|Any CPU.ActiveCfg = Release|Any CPU
		{6E4F1A2B-8C3D-4E5F-9A0B-1C2D3E4F5A6B}.Release|Any CPU.Build.0 = Release|Any CPU
		{6E4F1A2B-8C3D-4E5F-9A0B-1C2D3E4F5A6B}.Release|x64.ActiveCfg = Release|Any CPU
		{6E4F1A2B-8C3D-4E5F-9A0B-1C2D3E4F5A6B}.Release|x64.Build.0 = Release|Any CPU
		{6E4F1A2B-8C3D-4E5F-9A0B-1C2D3E4F5A6B}.Release|x86.ActiveCfg = Release|Any CPU
		{6E4F1A2B-8C3D-4E5F-9A0B-1C2D3E4F5A6B}.Release|x86.Build.0 = Release|Any CPU
		{0F52841F-5E0D-409F-AA2D-610A9DCCAFB7}.Debug|Any CPU.ActiveCfg = Debug|Any CPU
		{0F52841F-5E0D-409F-AA2D-610A9DCCAFB7}.Debug|Any CPU.Build.0 = Debug|Any CPU
		{0F52841F-5E0D-409F-AA2D-610A9DCCAFB7}.Debug|x64.ActiveCfg = Debug|Any CPU
		{0F52841F-5E0D-409F-AA2D-610A9DCCAFB7}.Debug|x64.Build.0 = Debug|Any CPU
		{0F52841F-5E0D-409F-AA2D-610A9DCCAFB7}.Debug|x86.ActiveCfg = Debug|Any CPU
		{0F52841F-5E0D-409F-AA2D-610A9DCCAFB7}.Debug|x86.Build.0 = Debug|Any CPU
		{0F52841F-5E0D-409F-AA2D-610A9DCCAFB7}.Release|Any CPU.ActiveCfg = Release|Any CPU
		{0F52841F-5E0D-409F-AA2D-610A9DCCAFB7}.Release|Any CPU.Build.0 = Release|Any CPU
		{0F52841F-5E0D-409F-AA2D-610A9DCCAFB7}.Release|x64.ActiveCfg = Release|Any CPU
		{0F52841F-5E0D-409F-AA2D-610A9DCCAFB7}.Release|x64.Build.0 = Release|Any CPU
		{0F52841F-5E0D-409F-AA2D-610A9DCCAFB7}.Release|x86.ActiveCfg = Release|Any CPU
		{0F52841F-5E0D-409F-AA2D-610A9DCCAFB7}.Release|x86.Build.0 = Release|Any CPU
	EndGlobalSection
	GlobalSection(SolutionProperties) = preSolution
		HideSolutionNode = FALSE
	EndGlobalSection
	GlobalSection(NestedProjects) = preSolution
		{4B6046D9-EE1C-993B-5364-4280370DAEF0} = {827E0CD3-B72D-47B6-A68D-7590B98EB39B}
		{472237D6-DB51-4497-8B00-C1391C5E8421} = {4B6046D9-EE1C-993B-5364-4280370DAEF0}
		{D2AF6D2B-A9AD-4BCD-9FA3-2434B99D6F0E} = {4B6046D9-EE1C-993B-5364-4280370DAEF0}
		{D40739C2-B365-88A5-00D6-6C74FD5CFB3F} = {827E0CD3-B72D-47B6-A68D-7590B98EB39B}
		{8C2938F4-FF92-41BC-B672-93031E60BB23} = {D40739C2-B365-88A5-00D6-6C74FD5CFB3F}
		{C31806F7-2698-41B0-B5E9-E719D3D2FBF3} = {D40739C2-B365-88A5-00D6-6C74FD5CFB3F}
		{2FDC7A7C-FF3C-470C-8008-1D5679BA1F64} = {D40739C2-B365-88A5-00D6-6C74FD5CFB3F}
		{F411920F-7326-4FFB-AA74-DD3805342BE5} = {D40739C2-B365-88A5-00D6-6C74FD5CFB3F}
		{B0A1C7F3-7E2D-4F8B-9A35-3C42E1F5D908} = {D40739C2-B365-88A5-00D6-6C74FD5CFB3F}
		{6E4F1A2B-8C3D-4E5F-9A0B-1C2D3E4F5A6B} = {D40739C2-B365-88A5-00D6-6C74FD5CFB3F}
		{0F52841F-5E0D-409F-AA2D-610A9DCCAFB7} = {0AB3BF05-4346-4AA6-1389-037BE0695223}
	EndGlobalSection
EndGlobal
